
Microsoft Visual Studio Solution File, Format Version 12.00
# Visual Studio Version 16
VisualStudioVersion = 16.0.31129.286
MinimumVisualStudioVersion = 10.0.40219.1
Project("{FAE04EC0-301F-11D3-BF4B-00C04F79EFBC}") = "BattleGame.Desktop", "BattleGame.Desktop\BattleGame.Desktop.csproj", "{CD98FA4E-C201-4A28-8003-05A195BDFF00}"
EndProject
Project("{FAE04EC0-301F-11D3-BF4B-00C04F79EFBC}") = "BattleGame.Library", "BattleGame.Library\BattleGame.Library.csproj", "{93BCFE54-2952-4540-9A6B-F554DB8D8C02}"
EndProject
Global
	GlobalSection(SolutionConfigurationPlatforms) = preSolution
		Debug|Any CPU = Debug|Any CPU
		Release|Any CPU = Release|Any CPU
	EndGlobalSection
	GlobalSection(ProjectConfigurationPlatforms) = postSolution
		{CD98FA4E-C201-4A28-8003-05A195BDFF00}.Debug|Any CPU.ActiveCfg = Debug|Any CPU
		{CD98FA4E-C201-4A28-8003-05A195BDFF00}.Debug|Any CPU.Build.0 = Debug|Any CPU
		{CD98FA4E-C201-4A28-8003-05A195BDFF00}.Release|Any CPU.ActiveCfg = Release|Any CPU
		{CD98FA4E-C201-4A28-8003-05A195BDFF00}.Release|Any CPU.Build.0 = Release|Any CPU
		{93BCFE54-2952-4540-9A6B-F554DB8D8C02}.Debug|Any CPU.ActiveCfg = Debug|Any CPU
		{93BCFE54-2952-4540-9A6B-F554DB8D8C02}.Debug|Any CPU.Build.0 = Debug|Any CPU
		{93BCFE54-2952-4540-9A6B-F554DB8D8C02}.Release|Any CPU.ActiveCfg = Release|Any CPU
		{93BCFE54-2952-4540-9A6B-F554DB8D8C02}.Release|Any CPU.Build.0 = Release|Any CPU
	EndGlobalSection
	GlobalSection(SolutionProperties) = preSolution
		HideSolutionNode = FALSE
	EndGlobalSection
	GlobalSection(ExtensibilityGlobals) = postSolution
		SolutionGuid = {6A7CD9C2-83F6-46F9-BC8A-30166159B309}
	EndGlobalSection
EndGlobal
